
Microsoft Visual Studio Solution File, Format Version 12.00
# Visual Studio Version 17
VisualStudioVersion = 17.6.33626.354
MinimumVisualStudioVersion = 10.0.40219.1
Project("{9A19103F-16F7-4668-BE54-9A1E7A4F7556}") = "KursachMasha", "KursachMasha\KursachMasha.csproj", "{8223D264-124D-400E-854A-D59B3F001DEA}"
EndProject
Project("{9A19103F-16F7-4668-BE54-9A1E7A4F7556}") = "KursachMasha.DAL", "KursachMasha.DAL\KursachMasha.DAL.csproj", "{926C3B5D-5341-4300-9A9F-D629C2664E31}"
EndProject
Project("{2150E333-8FDC-42A3-9474-1A3956D46DE8}") = "Scripts", "Scripts", "{9B684A69-81AF-4362-9EF7-997B54424F23}"
	ProjectSection(SolutionItems) = preProject
		CreateProcedureSelect.txt = CreateProcedureSelect.txt
		CreateProcedureWithTransaction.txt = CreateProcedureWithTransaction.txt
		CreateRoles.txt = CreateRoles.txt
		CreateScalarFunction.txt = CreateScalarFunction.txt
		CreateTrigger.txt = CreateTrigger.txt
		CreateVectorFunction.txt = CreateVectorFunction.txt
		Cursor.txt = Cursor.txt
	EndProjectSection
EndProject
Project("{2150E333-8FDC-42A3-9474-1A3956D46DE8}") = "CreateTableScripts", "CreateTableScripts", "{8B80B6B5-01FA-4D5D-8972-F1C002692C3E}"
	ProjectSection(SolutionItems) = preProject
		CreateLocations.txt = CreateLocations.txt
		CreateMatches.txt = CreateMatches.txt
		CreatePlayers.txt = CreatePlayers.txt
		CreateRole.txt = CreateRole.txt
		CreateSponsors.txt = CreateSponsors.txt
		CreateStadiums.txt = CreateStadiums.txt
		CreateTeams.txt = CreateTeams.txt
		CreateUTableUsers.txt = CreateUTableUsers.txt
	EndProjectSection
EndProject
Project("{2150E333-8FDC-42A3-9474-1A3956D46DE8}") = "SelectScripts", "SelectScripts", "{21EE3F3F-CBD5-45FC-8979-6BA9BBE4CF3C}"
	ProjectSection(SolutionItems) = preProject
		CorelSubQueryInFrom.txt = CorelSubQueryInFrom.txt
		CorelSubQueryInSelect.txt = CorelSubQueryInSelect.txt
		CorelSubQueryInWhere.txt = CorelSubQueryInWhere.txt
		ScriptsWithAnyAndAll.txt = ScriptsWithAnyAndAll.txt
		SelectWithCases.txt = SelectWithCases.txt
		SelectWithGrouByAndHaving.txt = SelectWithGrouByAndHaving.txt
		SubQueryInSelect.txt = SubQueryInSelect.txt
		SubQueryIntoFrom.txt = SubQueryIntoFrom.txt
		SubQueryInWhere.txt = SubQueryInWhere.txt
		ViewNotUpdated.txt = ViewNotUpdated.txt
		ViewUpdating.txt = ViewUpdating.txt
	EndProjectSection
EndProject
Project("{2150E333-8FDC-42A3-9474-1A3956D46DE8}") = "ProcedureScripts", "ProcedureScripts", "{B8FAACA8-1808-4562-955D-47B6826354CE}"
EndProject
Project("{2150E333-8FDC-42A3-9474-1A3956D46DE8}") = "SponsorProcedure", "SponsorProcedure", "{A09083AF-2D26-4CAB-A921-677DEE4B6939}"
	ProjectSection(SolutionItems) = preProject
		AddSponsor.txt = AddSponsor.txt
		DeleteSponsor.txt = DeleteSponsor.txt
		UpdateSponsor.txt = UpdateSponsor.txt
	EndProjectSection
EndProject
Project("{2150E333-8FDC-42A3-9474-1A3956D46DE8}") = "TeamsProcedure", "TeamsProcedure", "{A82DC4D4-B73E-4ED4-83CE-C264077F2C09}"
	ProjectSection(SolutionItems) = preProject
		AddTeam.txt = AddTeam.txt
		DeleteTeam.txt = DeleteTeam.txt
		UpdateTeam.txt = UpdateTeam.txt
	EndProjectSection
EndProject
Project("{2150E333-8FDC-42A3-9474-1A3956D46DE8}") = "StadiumProcedure", "StadiumProcedure", "{919CD29C-CE18-4DCC-93CC-B52607A63B5A}"
	ProjectSection(SolutionItems) = preProject
		AddStadium.txt = AddStadium.txt
		DeleteStadium.txt = DeleteStadium.txt
		UpdateStadium.txt = UpdateStadium.txt
	EndProjectSection
EndProject
Project("{2150E333-8FDC-42A3-9474-1A3956D46DE8}") = "LocationProcedure", "LocationProcedure", "{4C393B9F-13B2-44F3-90E8-ED841F66B6CA}"
	ProjectSection(SolutionItems) = preProject
		AddLocation.txt = AddLocation.txt
		DeleteLocation.txt = DeleteLocation.txt
		UpdateLocation.txt = UpdateLocation.txt
	EndProjectSection
EndProject
Project("{2150E333-8FDC-42A3-9474-1A3956D46DE8}") = "RoleProcedure", "RoleProcedure", "{6D08F4C0-9F08-4881-A6D5-627A8047F97E}"
	ProjectSection(SolutionItems) = preProject
		AddRole.txt = AddRole.txt
		DeleteRole1.txt = DeleteRole1.txt
		UpdateRole.txt = UpdateRole.txt
	EndProjectSection
EndProject
Project("{2150E333-8FDC-42A3-9474-1A3956D46DE8}") = "PlayerProcedure", "PlayerProcedure", "{5191CAE8-B100-4DC6-B65F-ABAB72FACAC2}"
	ProjectSection(SolutionItems) = preProject
		AddPlayer.txt = AddPlayer.txt
		DeletePlayer.txt = DeletePlayer.txt
		UpdatePlayer.txt = UpdatePlayer.txt
	EndProjectSection
EndProject
Project("{2150E333-8FDC-42A3-9474-1A3956D46DE8}") = "MatchProcedure", "MatchProcedure", "{77DF039A-14A6-4E07-B3A6-E3B3F5B1FBDD}"
	ProjectSection(SolutionItems) = preProject
		AddMatch.txt = AddMatch.txt
		DeleteMatch.txt = DeleteMatch.txt
		UpdateMatch.txt = UpdateMatch.txt
	EndProjectSection
EndProject
Global
	GlobalSection(SolutionConfigurationPlatforms) = preSolution
		Debug|Any CPU = Debug|Any CPU
		Release|Any CPU = Release|Any CPU
	EndGlobalSection
	GlobalSection(ProjectConfigurationPlatforms) = postSolution
		{8223D264-124D-400E-854A-D59B3F001DEA}.Debug|Any CPU.ActiveCfg = Debug|Any CPU
		{8223D264-124D-400E-854A-D59B3F001DEA}.Debug|Any CPU.Build.0 = Debug|Any CPU
		{8223D264-124D-400E-854A-D59B3F001DEA}.Release|Any CPU.ActiveCfg = Release|Any CPU
		{8223D264-124D-400E-854A-D59B3F001DEA}.Release|Any CPU.Build.0 = Release|Any CPU
		{926C3B5D-5341-4300-9A9F-D629C2664E31}.Debug|Any CPU.ActiveCfg = Debug|Any CPU
		{926C3B5D-5341-4300-9A9F-D629C2664E31}.Debug|Any CPU.Build.0 = Debug|Any CPU
		{926C3B5D-5341-4300-9A9F-D629C2664E31}.Release|Any CPU.ActiveCfg = Release|Any CPU
		{926C3B5D-5341-4300-9A9F-D629C2664E31}.Release|Any CPU.Build.0 = Release|Any CPU
	EndGlobalSection
	GlobalSection(SolutionProperties) = preSolution
		HideSolutionNode = FALSE
	EndGlobalSection
	GlobalSection(NestedProjects) = preSolution
		{8B80B6B5-01FA-4D5D-8972-F1C002692C3E} = {9B684A69-81AF-4362-9EF7-997B54424F23}
		{21EE3F3F-CBD5-45FC-8979-6BA9BBE4CF3C} = {9B684A69-81AF-4362-9EF7-997B54424F23}
		{B8FAACA8-1808-4562-955D-47B6826354CE} = {9B684A69-81AF-4362-9EF7-997B54424F23}
		{A09083AF-2D26-4CAB-A921-677DEE4B6939} = {B8FAACA8-1808-4562-955D-47B6826354CE}
		{A82DC4D4-B73E-4ED4-83CE-C264077F2C09} = {B8FAACA8-1808-4562-955D-47B6826354CE}
		{919CD29C-CE18-4DCC-93CC-B52607A63B5A} = {B8FAACA8-1808-4562-955D-47B6826354CE}
		{4C393B9F-13B2-44F3-90E8-ED841F66B6CA} = {B8FAACA8-1808-4562-955D-47B6826354CE}
		{6D08F4C0-9F08-4881-A6D5-627A8047F97E} = {B8FAACA8-1808-4562-955D-47B6826354CE}
		{5191CAE8-B100-4DC6-B65F-ABAB72FACAC2} = {B8FAACA8-1808-4562-955D-47B6826354CE}
		{77DF039A-14A6-4E07-B3A6-E3B3F5B1FBDD} = {B8FAACA8-1808-4562-955D-47B6826354CE}
	EndGlobalSection
	GlobalSection(ExtensibilityGlobals) = postSolution
		SolutionGuid = {6E0004D2-B26A-44C5-92F5-73B491936645}
	EndGlobalSection
EndGlobal
